
Microsoft Visual Studio Solution File, Format Version 12.00
# Visual Studio Version 16
VisualStudioVersion = 16.0.31729.503
MinimumVisualStudioVersion = 10.0.40219.1
Project("{FAE04EC0-301F-11D3-BF4B-00C04F79EFBC}") = "Investment", "Investment\Investment.csproj", "{9C437B80-4513-46F6-AE4D-0A5943E90F02}"
EndProject
Global
	GlobalSection(SolutionConfigurationPlatforms) = preSolution
		Debug|Any CPU = Debug|Any CPU
		Release|Any CPU = Release|Any CPU
	EndGlobalSection
	GlobalSection(ProjectConfigurationPlatforms) = postSolution
		{9C437B80-4513-46F6-AE4D-0A5943E90F02}.Debug|Any CPU.ActiveCfg = Debug|Any CPU
		{9C437B80-4513-46F6-AE4D-0A5943E90F02}.Debug|Any CPU.Build.0 = Debug|Any CPU
		{9C437B80-4513-46F6-AE4D-0A5943E90F02}.Release|Any CPU.ActiveCfg = Release|Any CPU
		{9C437B80-4513-46F6-AE4D-0A5943E90F02}.Release|Any CPU.Build.0 = Release|Any CPU
	EndGlobalSection
	GlobalSection(SolutionProperties) = preSolution
		HideSolutionNode = FALSE
	EndGlobalSection
	GlobalSection(ExtensibilityGlobals) = postSolution
		SolutionGuid = {98B8B18D-0143-4B9A-9E5E-33A15379D636}
	EndGlobalSection
EndGlobal
